
Microsoft Visual Studio Solution File, Format Version 12.00
# Visual Studio 15
VisualStudioVersion = 15.0.26403.7
MinimumVisualStudioVersion = 10.0.40219.1
Project("{FAE04EC0-301F-11D3-BF4B-00C04F79EFBC}") = "SmartHive.Web", "SmartHive.Web\SmartHive.Web.csproj", "{1167F0AC-DF33-47DE-9B1C-4967C50326A6}"
EndProject
Project("{FAE04EC0-301F-11D3-BF4B-00C04F79EFBC}") = "SmartHive.Web.Tests", "SmartHive.Web.Tests\SmartHive.Web.Tests.csproj", "{6FF76C89-FDF0-457B-A6B5-9B200CC36DEC}"
EndProject
Project("{FAE04EC0-301F-11D3-BF4B-00C04F79EFBC}") = "SmartHive.Models", "SmartHive.Models\SmartHive.Models.csproj", "{ACDCD29B-EF05-4AF2-9D8E-496346576125}"
EndProject
Project("{FAE04EC0-301F-11D3-BF4B-00C04F79EFBC}") = "SmartHive.Data", "SmartHive.Data\SmartHive.Data.csproj", "{4B300D74-A863-4FAA-862A-935DB3AAC214}"
EndProject
Project("{FAE04EC0-301F-11D3-BF4B-00C04F79EFBC}") = "SmartHive.Authentication", "SmartHive.Authentication\SmartHive.Authentication.csproj", "{F868A660-5D10-4A24-AFF9-63185A9D36E7}"
EndProject
Project("{FAE04EC0-301F-11D3-BF4B-00C04F79EFBC}") = "SmartHive.Providers", "SmartHive.Providers\SmartHive.Providers.csproj", "{494E8B2C-338E-4C2F-B883-3CED07D6AA39}"
EndProject
Project("{FAE04EC0-301F-11D3-BF4B-00C04F79EFBC}") = "SmartHive.Factories", "SmartHive.Factories\SmartHive.Factories.csproj", "{3C8A3D9B-CDC7-41C7-BB3A-18AD19507ACC}"
EndProject
Project("{FAE04EC0-301F-11D3-BF4B-00C04F79EFBC}") = "SmartHive.Services", "SmartHive.Services\SmartHive.Services.csproj", "{8C5320B4-2FEC-4891-BBC3-BC9661F032D0}"
EndProject
Global
	GlobalSection(SolutionConfigurationPlatforms) = preSolution
		Debug|Any CPU = Debug|Any CPU
		Release|Any CPU = Release|Any CPU
	EndGlobalSection
	GlobalSection(ProjectConfigurationPlatforms) = postSolution
		{1167F0AC-DF33-47DE-9B1C-4967C50326A6}.Debug|Any CPU.ActiveCfg = Debug|Any CPU
		{1167F0AC-DF33-47DE-9B1C-4967C50326A6}.Debug|Any CPU.Build.0 = Debug|Any CPU
		{1167F0AC-DF33-47DE-9B1C-4967C50326A6}.Release|Any CPU.ActiveCfg = Release|Any CPU
		{1167F0AC-DF33-47DE-9B1C-4967C50326A6}.Release|Any CPU.Build.0 = Release|Any CPU
		{6FF76C89-FDF0-457B-A6B5-9B200CC36DEC}.Debug|Any CPU.ActiveCfg = Debug|Any CPU
		{6FF76C89-FDF0-457B-A6B5-9B200CC36DEC}.Debug|Any CPU.Build.0 = Debug|Any CPU
		{6FF76C89-FDF0-457B-A6B5-9B200CC36DEC}.Release|Any CPU.ActiveCfg = Release|Any CPU
		{6FF76C89-FDF0-457B-A6B5-9B200CC36DEC}.Release|Any CPU.Build.0 = Release|Any CPU
		{ACDCD29B-EF05-4AF2-9D8E-496346576125}.Debug|Any CPU.ActiveCfg = Debug|Any CPU
		{ACDCD29B-EF05-4AF2-9D8E-496346576125}.Debug|Any CPU.Build.0 = Debug|Any CPU
		{ACDCD29B-EF05-4AF2-9D8E-496346576125}.Release|Any CPU.ActiveCfg = Release|Any CPU
		{ACDCD29B-EF05-4AF2-9D8E-496346576125}.Release|Any CPU.Build.0 = Release|Any CPU
		{4B300D74-A863-4FAA-862A-935DB3AAC214}.Debug|Any CPU.ActiveCfg = Debug|Any CPU
		{4B300D74-A863-4FAA-862A-935DB3AAC214}.Debug|Any CPU.Build.0 = Debug|Any CPU
		{4B300D74-A863-4FAA-862A-935DB3AAC214}.Release|Any CPU.ActiveCfg = Release|Any CPU
		{4B300D74-A863-4FAA-862A-935DB3AAC214}.Release|Any CPU.Build.0 = Release|Any CPU
		{F868A660-5D10-4A24-AFF9-63185A9D36E7}.Debug|Any CPU.ActiveCfg = Debug|Any CPU
		{F868A660-5D10-4A24-AFF9-63185A9D36E7}.Debug|Any CPU.Build.0 = Debug|Any CPU
		{F868A660-5D10-4A24-AFF9-63185A9D36E7}.Release|Any CPU.ActiveCfg = Release|Any CPU
		{F868A660-5D10-4A24-AFF9-63185A9D36E7}.Release|Any CPU.Build.0 = Release|Any CPU
		{494E8B2C-338E-4C2F-B883-3CED07D6AA39}.Debug|Any CPU.ActiveCfg = Debug|Any CPU
		{494E8B2C-338E-4C2F-B883-3CED07D6AA39}.Debug|Any CPU.Build.0 = Debug|Any CPU
		{494E8B2C-338E-4C2F-B883-3CED07D6AA39}.Release|Any CPU.ActiveCfg = Release|Any CPU
		{494E8B2C-338E-4C2F-B883-3CED07D6AA39}.Release|Any CPU.Build.0 = Release|Any CPU
		{3C8A3D9B-CDC7-41C7-BB3A-18AD19507ACC}.Debug|Any CPU.ActiveCfg = Debug|Any CPU
		{3C8A3D9B-CDC7-41C7-BB3A-18AD19507ACC}.Debug|Any CPU.Build.0 = Debug|Any CPU
		{3C8A3D9B-CDC7-41C7-BB3A-18AD19507ACC}.Release|Any CPU.ActiveCfg = Release|Any CPU
		{3C8A3D9B-CDC7-41C7-BB3A-18AD19507ACC}.Release|Any CPU.Build.0 = Release|Any CPU
		{8C5320B4-2FEC-4891-BBC3-BC9661F032D0}.Debug|Any CPU.ActiveCfg = Debug|Any CPU
		{8C5320B4-2FEC-4891-BBC3-BC9661F032D0}.Debug|Any CPU.Build.0 = Debug|Any CPU
		{8C5320B4-2FEC-4891-BBC3-BC9661F032D0}.Release|Any CPU.ActiveCfg = Release|Any CPU
		{8C5320B4-2FEC-4891-BBC3-BC9661F032D0}.Release|Any CPU.Build.0 = Release|Any CPU
	EndGlobalSection
	GlobalSection(SolutionProperties) = preSolution
		HideSolutionNode = FALSE
	EndGlobalSection
EndGlobal
